// !$*UTF8*$!
{
	archiveVersion = 1;
	classes = {
	};
	objectVersion = 50;
	objects = {

/* Begin PBXBuildFile section */
		7708FA7C2115490E00DC399F /* AppDelegate.swift in Sources */ = {isa = PBXBuildFile; fileRef = 7708FA7B2115490E00DC399F /* AppDelegate.swift */; };
		7708FA7E2115490E00DC399F /* ViewController.swift in Sources */ = {isa = PBXBuildFile; fileRef = 7708FA7D2115490E00DC399F /* ViewController.swift */; };
		7708FA812115490E00DC399F /* Main.storyboard in Resources */ = {isa = PBXBuildFile; fileRef = 7708FA7F2115490E00DC399F /* Main.storyboard */; };
		7708FA832115491D00DC399F /* Assets.xcassets in Resources */ = {isa = PBXBuildFile; fileRef = 7708FA822115491D00DC399F /* Assets.xcassets */; };
		7708FA862115491D00DC399F /* LaunchScreen.storyboard in Resources */ = {isa = PBXBuildFile; fileRef = 7708FA842115491D00DC399F /* LaunchScreen.storyboard */; };
		7708FA912115491D00DC399F /* XXCellAndDeleteActionTests.swift in Sources */ = {isa = PBXBuildFile; fileRef = 7708FA902115491D00DC399F /* XXCellAndDeleteActionTests.swift */; };
		7708FA9C2115491D00DC399F /* XXCellAndDeleteActionUITests.swift in Sources */ = {isa = PBXBuildFile; fileRef = 7708FA9B2115491D00DC399F /* XXCellAndDeleteActionUITests.swift */; };
		7708FAAA21154C2B00DC399F /* XXTableViewController.swift in Sources */ = {isa = PBXBuildFile; fileRef = 7708FAA921154C2B00DC399F /* XXTableViewController.swift */; };
		7708FAAC21154C5200DC399F /* XXCustomCell.swift in Sources */ = {isa = PBXBuildFile; fileRef = 7708FAAB21154C5200DC399F /* XXCustomCell.swift */; };
/* End PBXBuildFile section */

/* Begin PBXContainerItemProxy section */
		7708FA8D2115491D00DC399F /* PBXContainerItemProxy */ = {
			isa = PBXContainerItemProxy;
			containerPortal = 7708FA702115490D00DC399F /* Project object */;
			proxyType = 1;
			remoteGlobalIDString = 7708FA772115490E00DC399F;
			remoteInfo = XXCellAndDeleteAction;
		};
		7708FA982115491D00DC399F /* PBXContainerItemProxy */ = {
			isa = PBXContainerItemProxy;
			containerPortal = 7708FA702115490D00DC399F /* Project object */;
			proxyType = 1;
			remoteGlobalIDString = 7708FA772115490E00DC399F;
			remoteInfo = XXCellAndDeleteAction;
		};
/* End PBXContainerItemProxy section */

/* Begin PBXFileReference section */
		7708FA782115490E00DC399F /* XXCellAndDeleteAction.app */ = {isa = PBXFileReference; explicitFileType = wrapper.application; includeInIndex = 0; path = XXCellAndDeleteAction.app; sourceTree = BUILT_PRODUCTS_DIR; };
		7708FA7B2115490E00DC399F /* AppDelegate.swift */ = {isa = PBXFileReference; lastKnownFileType = sourcecode.swift; path = AppDelegate.swift; sourceTree = "<group>"; };
		7708FA7D2115490E00DC399F /* ViewController.swift */ = {isa = PBXFileReference; lastKnownFileType = sourcecode.swift; path = ViewController.swift; sourceTree = "<group>"; };
		7708FA802115490E00DC399F /* Base */ = {isa = PBXFileReference; lastKnownFileType = file.storyboard; name = Base; path = Base.lproj/Main.storyboard; sourceTree = "<group>"; };
		7708FA822115491D00DC399F /* Assets.xcassets */ = {isa = PBXFileReference; lastKnownFileType = folder.assetcatalog; path = Assets.xcassets; sourceTree = "<group>"; };
		7708FA852115491D00DC399F /* Base */ = {isa = PBXFileReference; lastKnownFileType = file.storyboard; name = Base; path = Base.lproj/LaunchScreen.storyboard; sourceTree = "<group>"; };
		7708FA872115491D00DC399F /* Info.plist */ = {isa = PBXFileReference; lastKnownFileType = text.plist.xml; path = Info.plist; sourceTree = "<group>"; };
		7708FA8C2115491D00DC399F /* XXCellAndDeleteActionTests.xctest */ = {isa = PBXFileReference; explicitFileType = wrapper.cfbundle; includeInIndex = 0; path = XXCellAndDeleteActionTests.xctest; sourceTree = BUILT_PRODUCTS_DIR; };
		7708FA902115491D00DC399F /* XXCellAndDeleteActionTests.swift */ = {isa = PBXFileReference; lastKnownFileType = sourcecode.swift; path = XXCellAndDeleteActionTests.swift; sourceTree = "<group>"; };
		7708FA922115491D00DC399F /* Info.plist */ = {isa = PBXFileReference; lastKnownFileType = text.plist.xml; path = Info.plist; sourceTree = "<group>"; };
		7708FA972115491D00DC399F /* XXCellAndDeleteActionUITests.xctest */ = {isa = PBXFileReference; explicitFileType = wrapper.cfbundle; includeInIndex = 0; path = XXCellAndDeleteActionUITests.xctest; sourceTree = BUILT_PRODUCTS_DIR; };
		7708FA9B2115491D00DC399F /* XXCellAndDeleteActionUITests.swift */ = {isa = PBXFileReference; lastKnownFileType = sourcecode.swift; path = XXCellAndDeleteActionUITests.swift; sourceTree = "<group>"; };
		7708FA9D2115491D00DC399F /* Info.plist */ = {isa = PBXFileReference; lastKnownFileType = text.plist.xml; path = Info.plist; sourceTree = "<group>"; };
		7708FAA921154C2B00DC399F /* XXTableViewController.swift */ = {isa = PBXFileReference; lastKnownFileType = sourcecode.swift; path = XXTableViewController.swift; sourceTree = "<group>"; };
		7708FAAB21154C5200DC399F /* XXCustomCell.swift */ = {isa = PBXFileReference; lastKnownFileType = sourcecode.swift; path = XXCustomCell.swift; sourceTree = "<group>"; };
/* End PBXFileReference section */

/* Begin PBXFrameworksBuildPhase section */
		7708FA752115490E00DC399F /* Frameworks */ = {
			isa = PBXFrameworksBuildPhase;
			buildActionMask = 2147483647;
			files = (
			);
			runOnlyForDeploymentPostprocessing = 0;
		};
		7708FA892115491D00DC399F /* Frameworks */ = {
			isa = PBXFrameworksBuildPhase;
			buildActionMask = 2147483647;
			files = (
			);
			runOnlyForDeploymentPostprocessing = 0;
		};
		7708FA942115491D00DC399F /* Frameworks */ = {
			isa = PBXFrameworksBuildPhase;
			buildActionMask = 2147483647;
			files = (
			);
			runOnlyForDeploymentPostprocessing = 0;
		};
/* End PBXFrameworksBuildPhase section */

/* Begin PBXGroup section */
		7708FA6F2115490D00DC399F = {
			isa = PBXGroup;
			children = (
				7708FA7A2115490E00DC399F /* XXCellAndDeleteAction */,
				7708FA8F2115491D00DC399F /* XXCellAndDeleteActionTests */,
				7708FA9A2115491D00DC399F /* XXCellAndDeleteActionUITests */,
				7708FA792115490E00DC399F /* Products */,
			);
			sourceTree = "<group>";
		};
		7708FA792115490E00DC399F /* Products */ = {
			isa = PBXGroup;
			children = (
				7708FA782115490E00DC399F /* XXCellAndDeleteAction.app */,
				7708FA8C2115491D00DC399F /* XXCellAndDeleteActionTests.xctest */,
				7708FA972115491D00DC399F /* XXCellAndDeleteActionUITests.xctest */,
			);
			name = Products;
			sourceTree = "<group>";
		};
		7708FA7A2115490E00DC399F /* XXCellAndDeleteAction */ = {
			isa = PBXGroup;
			children = (
				7708FA7B2115490E00DC399F /* AppDelegate.swift */,
				7708FA7D2115490E00DC399F /* ViewController.swift */,
				7708FA7F2115490E00DC399F /* Main.storyboard */,
				7708FA822115491D00DC399F /* Assets.xcassets */,
				7708FA842115491D00DC399F /* LaunchScreen.storyboard */,
				7708FA872115491D00DC399F /* Info.plist */,
				7708FAA921154C2B00DC399F /* XXTableViewController.swift */,
				7708FAAB21154C5200DC399F /* XXCustomCell.swift */,
			);
			path = XXCellAndDeleteAction;
			sourceTree = "<group>";
		};
		7708FA8F2115491D00DC399F /* XXCellAndDeleteActionTests */ = {
			isa = PBXGroup;
			children = (
				7708FA902115491D00DC399F /* XXCellAndDeleteActionTests.swift */,
				7708FA922115491D00DC399F /* Info.plist */,
			);
			path = XXCellAndDeleteActionTests;
			sourceTree = "<group>";
		};
		7708FA9A2115491D00DC399F /* XXCellAndDeleteActionUITests */ = {
			isa = PBXGroup;
			children = (
				7708FA9B2115491D00DC399F /* XXCellAndDeleteActionUITests.swift */,
				7708FA9D2115491D00DC399F /* Info.plist */,
			);
			path = XXCellAndDeleteActionUITests;
			sourceTree = "<group>";
		};
/* End PBXGroup section */

/* Begin PBXNativeTarget section */
		7708FA772115490E00DC399F /* XXCellAndDeleteAction */ = {
			isa = PBXNativeTarget;
			buildConfigurationList = 7708FAA02115491D00DC399F /* Build configuration list for PBXNativeTarget "XXCellAndDeleteAction" */;
			buildPhases = (
				7708FA742115490E00DC399F /* Sources */,
				7708FA752115490E00DC399F /* Frameworks */,
				7708FA762115490E00DC399F /* Resources */,
			);
			buildRules = (
			);
			dependencies = (
			);
			name = XXCellAndDeleteAction;
			productName = XXCellAndDeleteAction;
			productReference = 7708FA782115490E00DC399F /* XXCellAndDeleteAction.app */;
			productType = "com.apple.product-type.application";
		};
		7708FA8B2115491D00DC399F /* XXCellAndDeleteActionTests */ = {
			isa = PBXNativeTarget;
			buildConfigurationList = 7708FAA32115491D00DC399F /* Build configuration list for PBXNativeTarget "XXCellAndDeleteActionTests" */;
			buildPhases = (
				7708FA882115491D00DC399F /* Sources */,
				7708FA892115491D00DC399F /* Frameworks */,
				7708FA8A2115491D00DC399F /* Resources */,
			);
			buildRules = (
			);
			dependencies = (
				7708FA8E2115491D00DC399F /* PBXTargetDependency */,
			);
			name = XXCellAndDeleteActionTests;
			productName = XXCellAndDeleteActionTests;
			productReference = 7708FA8C2115491D00DC399F /* XXCellAndDeleteActionTests.xctest */;
			productType = "com.apple.product-type.bundle.unit-test";
		};
		7708FA962115491D00DC399F /* XXCellAndDeleteActionUITests */ = {
			isa = PBXNativeTarget;
			buildConfigurationList = 7708FAA62115491D00DC399F /* Build configuration list for PBXNativeTarget "XXCellAndDeleteActionUITests" */;
			buildPhases = (
				7708FA932115491D00DC399F /* Sources */,
				7708FA942115491D00DC399F /* Frameworks */,
				7708FA952115491D00DC399F /* Resources */,
			);
			buildRules = (
			);
			dependencies = (
				7708FA992115491D00DC399F /* PBXTargetDependency */,
			);
			name = XXCellAndDeleteActionUITests;
			productName = XXCellAndDeleteActionUITests;
			productReference = 7708FA972115491D00DC399F /* XXCellAndDeleteActionUITests.xctest */;
			productType = "com.apple.product-type.bundle.ui-testing";
		};
/* End PBXNativeTarget section */

/* Begin PBXProject section */
		7708FA702115490D00DC399F /* Project object */ = {
			isa = PBXProject;
			attributes = {
				LastSwiftUpdateCheck = 0930;
				LastUpgradeCheck = 0930;
				ORGANIZATIONNAME = shine;
				TargetAttributes = {
					7708FA772115490E00DC399F = {
						CreatedOnToolsVersion = 9.3;
					};
					7708FA8B2115491D00DC399F = {
						CreatedOnToolsVersion = 9.3;
						TestTargetID = 7708FA772115490E00DC399F;
					};
					7708FA962115491D00DC399F = {
						CreatedOnToolsVersion = 9.3;
						TestTargetID = 7708FA772115490E00DC399F;
					};
				};
			};
			buildConfigurationList = 7708FA732115490D00DC399F /* Build configuration list for PBXProject "XXCellAndDeleteAction" */;
			compatibilityVersion = "Xcode 9.3";
			developmentRegion = en;
			hasScannedForEncodings = 0;
			knownRegions = (
				en,
				Base,
			);
			mainGroup = 7708FA6F2115490D00DC399F;
			productRefGroup = 7708FA792115490E00DC399F /* Products */;
			projectDirPath = "";
			projectRoot = "";
			targets = (
				7708FA772115490E00DC399F /* XXCellAndDeleteAction */,
				7708FA8B2115491D00DC399F /* XXCellAndDeleteActionTests */,
				7708FA962115491D00DC399F /* XXCellAndDeleteActionUITests */,
			);
		};
/* End PBXProject section */

/* Begin PBXResourcesBuildPhase section */
		7708FA762115490E00DC399F /* Resources */ = {
			isa = PBXResourcesBuildPhase;
			buildActionMask = 2147483647;
			files = (
				7708FA862115491D00DC399F /* LaunchScreen.storyboard in Resources */,
				7708FA832115491D00DC399F /* Assets.xcassets in Resources */,
				7708FA812115490E00DC399F /* Main.storyboard in Resources */,
			);
			runOnlyForDeploymentPostprocessing = 0;
		};
		7708FA8A2115491D00DC399F /* Resources */ = {
			isa = PBXResourcesBuildPhase;
			buildActionMask = 2147483647;
			files = (
			);
			runOnlyForDeploymentPostprocessing = 0;
		};
		7708FA952115491D00DC399F /* Resources */ = {
			isa = PBXResourcesBuildPhase;
			buildActionMask = 2147483647;
			files = (
			);
			runOnlyForDeploymentPostprocessing = 0;
		};
/* End PBXResourcesBuildPhase section */

/* Begin PBXSourcesBuildPhase section */
		7708FA742115490E00DC399F /* Sources */ = {
			isa = PBXSourcesBuildPhase;
			buildActionMask = 2147483647;
			files = (
				7708FAAC21154C5200DC399F /* XXCustomCell.swift in Sources */,
				7708FAAA21154C2B00DC399F /* XXTableViewController.swift in Sources */,
				7708FA7E2115490E00DC399F /* ViewController.swift in Sources */,
				7708FA7C2115490E00DC399F /* AppDelegate.swift in Sources */,
			);
			runOnlyForDeploymentPostprocessing = 0;
		};
		7708FA882115491D00DC399F /* Sources */ = {
			isa = PBXSourcesBuildPhase;
			buildActionMask = 2147483647;
			files = (
				7708FA912115491D00DC399F /* XXCellAndDeleteActionTests.swift in Sources */,
			);
			runOnlyForDeploymentPostprocessing = 0;
		};
		7708FA932115491D00DC399F /* Sources */ = {
			isa = PBXSourcesBuildPhase;
			buildActionMask = 2147483647;
			files = (
				7708FA9C2115491D00DC399F /* XXCellAndDeleteActionUITests.swift in Sources */,
			);
			runOnlyForDeploymentPostprocessing = 0;
		};
/* End PBXSourcesBuildPhase section */

/* Begin PBXTargetDependency section */
		7708FA8E2115491D00DC399F /* PBXTargetDependency */ = {
			isa = PBXTargetDependency;
			target = 7708FA772115490E00DC399F /* XXCellAndDeleteAction */;
			targetProxy = 7708FA8D2115491D00DC399F /* PBXContainerItemProxy */;
		};
		7708FA992115491D00DC399F /* PBXTargetDependency */ = {
			isa = PBXTargetDependency;
			target = 7708FA772115490E00DC399F /* XXCellAndDeleteAction */;
			targetProxy = 7708FA982115491D00DC399F /* PBXContainerItemProxy */;
		};
/* End PBXTargetDependency section */

/* Begin PBXVariantGroup section */
		7708FA7F2115490E00DC399F /* Main.storyboard */ = {
			isa = PBXVariantGroup;
			children = (
				7708FA802115490E00DC399F /* Base */,
			);
			name = Main.storyboard;
			sourceTree = "<group>";
		};
		7708FA842115491D00DC399F /* LaunchScreen.storyboard */ = {
			isa = PBXVariantGroup;
			children = (
				7708FA852115491D00DC399F /* Base */,
			);
			name = LaunchScreen.storyboard;
			sourceTree = "<group>";
		};
/* End PBXVariantGroup section */

/* Begin XCBuildConfiguration section */
		7708FA9E2115491D00DC399F /* Debug */ = {
			isa = XCBuildConfiguration;
			buildSettings = {
				ALWAYS_SEARCH_USER_PATHS = NO;
				CLANG_ANALYZER_NONNULL = YES;
				CLANG_ANALYZER_NUMBER_OBJECT_CONVERSION = YES_AGGRESSIVE;
				CLANG_CXX_LANGUAGE_STANDARD = "gnu++14";
				CLANG_CXX_LIBRARY = "libc++";
				CLANG_ENABLE_MODULES = YES;
				CLANG_ENABLE_OBJC_ARC = YES;
				CLANG_ENABLE_OBJC_WEAK = YES;
				CLANG_WARN_BLOCK_CAPTURE_AUTORELEASING = YES;
				CLANG_WARN_BOOL_CONVERSION = YES;
				CLANG_WARN_COMMA = YES;
				CLANG_WARN_CONSTANT_CONVERSION = YES;
				CLANG_WARN_DEPRECATED_OBJC_IMPLEMENTATIONS = YES;
				CLANG_WARN_DIRECT_OBJC_ISA_USAGE = YES_ERROR;
				CLANG_WARN_DOCUMENTATION_COMMENTS = YES;
				CLANG_WARN_EMPTY_BODY = YES;
				CLANG_WARN_ENUM_CONVERSION = YES;
				CLANG_WARN_INFINITE_RECURSION = YES;
				CLANG_WARN_INT_CONVERSION = YES;
				CLANG_WARN_NON_LITERAL_NULL_CONVERSION = YES;
				CLANG_WARN_OBJC_IMPLICIT_RETAIN_SELF = YES;
				CLANG_WARN_OBJC_LITERAL_CONVERSION = YES;
				CLANG_WARN_OBJC_ROOT_CLASS = YES_ERROR;
				CLANG_WARN_RANGE_LOOP_ANALYSIS = YES;
				CLANG_WARN_STRICT_PROTOTYPES = YES;
				CLANG_WARN_SUSPICIOUS_MOVE = YES;
				CLANG_WARN_UNGUARDED_AVAILABILITY = YES_AGGRESSIVE;
				CLANG_WARN_UNREACHABLE_CODE = YES;
				CLANG_WARN__DUPLICATE_METHOD_MATCH = YES;
				CODE_SIGN_IDENTITY = "iPhone Developer";
				COPY_PHASE_STRIP = NO;
				DEBUG_INFORMATION_FORMAT = dwarf;
				ENABLE_STRICT_OBJC_MSGSEND = YES;
				ENABLE_TESTABILITY = YES;
				GCC_C_LANGUAGE_STANDARD = gnu11;
				GCC_DYNAMIC_NO_PIC = NO;
				GCC_NO_COMMON_BLOCKS = YES;
				GCC_OPTIMIZATION_LEVEL = 0;
				GCC_PREPROCESSOR_DEFINITIONS = (
					"DEBUG=1",
					"$(inherited)",
				);
				GCC_WARN_64_TO_32_BIT_CONVERSION = YES;
				GCC_WARN_ABOUT_RETURN_TYPE = YES_ERROR;
				GCC_WARN_UNDECLARED_SELECTOR = YES;
				GCC_WARN_UNINITIALIZED_AUTOS = YES_AGGRESSIVE;
				GCC_WARN_UNUSED_FUNCTION = YES;
				GCC_WARN_UNUSED_VARIABLE = YES;
				IPHONEOS_DEPLOYMENT_TARGET = 11.3;
				MTL_ENABLE_DEBUG_INFO = YES;
				ONLY_ACTIVE_ARCH = YES;
				SDKROOT = iphoneos;
				SWIFT_ACTIVE_COMPILATION_CONDITIONS = DEBUG;
				SWIFT_OPTIMIZATION_LEVEL = "-Onone";
			};
			name = Debug;
		};
		7708FA9F2115491D00DC399F /* Release */ = {
			isa = XCBuildConfiguration;
			buildSettings = {
				ALWAYS_SEARCH_USER_PATHS = NO;
				CLANG_ANALYZER_NONNULL = YES;
				CLANG_ANALYZER_NUMBER_OBJECT_CONVERSION = YES_AGGRESSIVE;
				CLANG_CXX_LANGUAGE_STANDARD = "gnu++14";
				CLANG_CXX_LIBRARY = "libc++";
				CLANG_ENABLE_MODULES = YES;
				CLANG_ENABLE_OBJC_ARC = YES;
				CLANG_ENABLE_OBJC_WEAK = YES;
				CLANG_WARN_BLOCK_CAPTURE_AUTORELEASING = YES;
				CLANG_WARN_BOOL_CONVERSION = YES;
				CLANG_WARN_COMMA = YES;
				CLANG_WARN_CONSTANT_CONVERSION = YES;
				CLANG_WARN_DEPRECATED_OBJC_IMPLEMENTATIONS = YES;
				CLANG_WARN_DIRECT_OBJC_ISA_USAGE = YES_ERROR;
				CLANG_WARN_DOCUMENTATION_COMMENTS = YES;
				CLANG_WARN_EMPTY_BODY = YES;
				CLANG_WARN_ENUM_CONVERSION = YES;
				CLANG_WARN_INFINITE_RECURSION = YES;
				CLANG_WARN_INT_CONVERSION = YES;
				CLANG_WARN_NON_LITERAL_NULL_CONVERSION = YES;
				CLANG_WARN_OBJC_IMPLICIT_RETAIN_SELF = YES;
				CLANG_WARN_OBJC_LITERAL_CONVERSION = YES;
				CLANG_WARN_OBJC_ROOT_CLASS = YES_ERROR;
				CLANG_WARN_RANGE_LOOP_ANALYSIS = YES;
				CLANG_WARN_STRICT_PROTOTYPES = YES;
				CLANG_WARN_SUSPICIOUS_MOVE = YES;
				CLANG_WARN_UNGUARDED_AVAILABILITY = YES_AGGRESSIVE;
				CLANG_WARN_UNREACHABLE_CODE = YES;
				CLANG_WARN__DUPLICATE_METHOD_MATCH = YES;
				CODE_SIGN_IDENTITY = "iPhone Developer";
				COPY_PHASE_STRIP = NO;
				DEBUG_INFORMATION_FORMAT = "dwarf-with-dsym";
				ENABLE_NS_ASSERTIONS = NO;
				ENABLE_STRICT_OBJC_MSGSEND = YES;
				GCC_C_LANGUAGE_STANDARD = gnu11;
				GCC_NO_COMMON_BLOCKS = YES;
				GCC_WARN_64_TO_32_BIT_CONVERSION = YES;
				GCC_WARN_ABOUT_RETURN_TYPE = YES_ERROR;
				GCC_WARN_UNDECLARED_SELECTOR = YES;
				GCC_WARN_UNINITIALIZED_AUTOS = YES_AGGRESSIVE;
				GCC_WARN_UNUSED_FUNCTION = YES;
				GCC_WARN_UNUSED_VARIABLE = YES;
				IPHONEOS_DEPLOYMENT_TARGET = 11.3;
				MTL_ENABLE_DEBUG_INFO = NO;
				SDKROOT = iphoneos;
				SWIFT_COMPILATION_MODE = wholemodule;
				SWIFT_OPTIMIZATION_LEVEL = "-O";
				VALIDATE_PRODUCT = YES;
			};
			name = Release;
		};
		7708FAA12115491D00DC399F /* Debug */ = {
			isa = XCBuildConfiguration;
			buildSettings = {
				ASSETCATALOG_COMPILER_APPICON_NAME = AppIcon;
				CODE_SIGN_STYLE = Automatic;
				DEVELOPMENT_TEAM = HM2XFJ76LK;
				INFOPLIST_FILE = XXCellAndDeleteAction/Info.plist;
				IPHONEOS_DEPLOYMENT_TARGET = 10.0;
				LD_RUNPATH_SEARCH_PATHS = (
					"$(inherited)",
					"@executable_path/Frameworks",
				);
				PRODUCT_BUNDLE_IDENTIFIER = renren.XXCellAndDeleteAction;
				PRODUCT_NAME = "$(TARGET_NAME)";
				SWIFT_VERSION = 4.0;
				TARGETED_DEVICE_FAMILY = "1,2";
			};
			name = Debug;
		};
		7708FAA22115491D00DC399F /* Release */ = {
			isa = XCBuildConfiguration;
			buildSettings = {
				ASSETCATALOG_COMPILER_APPICON_NAME = AppIcon;
				CODE_SIGN_STYLE = Automatic;
				DEVELOPMENT_TEAM = HM2XFJ76LK;
				INFOPLIST_FILE = XXCellAndDeleteAction/Info.plist;
				IPHONEOS_DEPLOYMENT_TARGET = 10.0;
				LD_RUNPATH_SEARCH_PATHS = (
					"$(inherited)",
					"@executable_path/Frameworks",
				);
				PRODUCT_BUNDLE_IDENTIFIER = renren.XXCellAndDeleteAction;
				PRODUCT_NAME = "$(TARGET_NAME)";
				SWIFT_VERSION = 4.0;
				TARGETED_DEVICE_FAMILY = "1,2";
			};
			name = Release;
		};
		7708FAA42115491D00DC399F /* Debug */ = {
			isa = XCBuildConfiguration;
			buildSettings = {
				ALWAYS_EMBED_SWIFT_STANDARD_LIBRARIES = YES;
				BUNDLE_LOADER = "$(TEST_HOST)";
				CODE_SIGN_STYLE = Automatic;
				INFOPLIST_FILE = XXCellAndDeleteActionTests/Info.plist;
				LD_RUNPATH_SEARCH_PATHS = (
					"$(inherited)",
					"@executable_path/Frameworks",
					"@loader_path/Frameworks",
				);
				PRODUCT_BUNDLE_IDENTIFIER = renren.XXCellAndDeleteActionTests;
				PRODUCT_NAME = "$(TARGET_NAME)";
				SWIFT_VERSION = 4.0;
				TARGETED_DEVICE_FAMILY = "1,2";
				TEST_HOST = "$(BUILT_PRODUCTS_DIR)/XXCellAndDeleteAction.app/XXCellAndDeleteAction";
			};
			name = Debug;
		};
		7708FAA52115491D00DC399F /* Release */ = {
			isa = XCBuildConfiguration;
			buildSettings = {
				ALWAYS_EMBED_SWIFT_STANDARD_LIBRARIES = YES;
				BUNDLE_LOADER = "$(TEST_HOST)";
				CODE_SIGN_STYLE = Automatic;
				INFOPLIST_FILE = XXCellAndDeleteActionTests/Info.plist;
				LD_RUNPATH_SEARCH_PATHS = (
					"$(inherited)",
					"@executable_path/Frameworks",
					"@loader_path/Frameworks",
				);
				PRODUCT_BUNDLE_IDENTIFIER = renren.XXCellAndDeleteActionTests;
				PRODUCT_NAME = "$(TARGET_NAME)";
				SWIFT_VERSION = 4.0;
				TARGETED_DEVICE_FAMILY = "1,2";
				TEST_HOST = "$(BUILT_PRODUCTS_DIR)/XXCellAndDeleteAction.app/XXCellAndDeleteAction";
			};
			name = Release;
		};
		7708FAA72115491D00DC399F /* Debug */ = {
			isa = XCBuildConfiguration;
			buildSettings = {
				ALWAYS_EMBED_SWIFT_STANDARD_LIBRARIES = YES;
				CODE_SIGN_STYLE = Automatic;
				INFOPLIST_FILE = XXCellAndDeleteActionUITests/Info.plist;
				LD_RUNPATH_SEARCH_PATHS = (
					"$(inherited)",
					"@executable_path/Frameworks",
					"@loader_path/Frameworks",
				);
				PRODUCT_BUNDLE_IDENTIFIER = renren.XXCellAndDeleteActionUITests;
				PRODUCT_NAME = "$(TARGET_NAME)";
				SWIFT_VERSION = 4.0;
				TARGETED_DEVICE_FAMILY = "1,2";
				TEST_TARGET_NAME = XXCellAndDeleteAction;
			};
			name = Debug;
		};
		7708FAA82115491D00DC399F /* Release */ = {
			isa = XCBuildConfiguration;
			buildSettings = {
				ALWAYS_EMBED_SWIFT_STANDARD_LIBRARIES = YES;
				CODE_SIGN_STYLE = Automatic;
				INFOPLIST_FILE = XXCellAndDeleteActionUITests/Info.plist;
				LD_RUNPATH_SEARCH_PATHS = (
					"$(inherited)",
					"@executable_path/Frameworks",
					"@loader_path/Frameworks",
				);
				PRODUCT_BUNDLE_IDENTIFIER = renren.XXCellAndDeleteActionUITests;
				PRODUCT_NAME = "$(TARGET_NAME)";
				SWIFT_VERSION = 4.0;
				TARGETED_DEVICE_FAMILY = "1,2";
				TEST_TARGET_NAME = XXCellAndDeleteAction;
			};
			name = Release;
		};
/* End XCBuildConfiguration section */

/* Begin XCConfigurationList section */
		7708FA732115490D00DC399F /* Build configuration list for PBXProject "XXCellAndDeleteAction" */ = {
			isa = XCConfigurationList;
			buildConfigurations = (
				7708FA9E2115491D00DC399F /* Debug */,
				7708FA9F2115491D00DC399F /* Release */,
			);
			defaultConfigurationIsVisible = 0;
			defaultConfigurationName = Release;
		};
		7708FAA02115491D00DC399F /* Build configuration list for PBXNativeTarget "XXCellAndDeleteAction" */ = {
			isa = XCConfigurationList;
			buildConfigurations = (
				7708FAA12115491D00DC399F /* Debug */,
				7708FAA22115491D00DC399F /* Release */,
			);
			defaultConfigurationIsVisible = 0;
			defaultConfigurationName = Release;
		};
		7708FAA32115491D00DC399F /* Build configuration list for PBXNativeTarget "XXCellAndDeleteActionTests" */ = {
			isa = XCConfigurationList;
			buildConfigurations = (
				7708FAA42115491D00DC399F /* Debug */,
				7708FAA52115491D00DC399F /* Release */,
			);
			defaultConfigurationIsVisible = 0;
			defaultConfigurationName = Release;
		};
		7708FAA62115491D00DC399F /* Build configuration list for PBXNativeTarget "XXCellAndDeleteActionUITests" */ = {
			isa = XCConfigurationList;
			buildConfigurations = (
				7708FAA72115491D00DC399F /* Debug */,
				7708FAA82115491D00DC399F /* Release */,
			);
			defaultConfigurationIsVisible = 0;
			defaultConfigurationName = Release;
		};
/* End XCConfigurationList section */
	};
	rootObject = 7708FA702115490D00DC399F /* Project object */;
}
